<Solution>
  <Folder Name="/Samples/">
    <Project Path="Samples/WriteBatchSample/WriteBatchSample.csproj" />
    <Project Path="Samples/IteratorSample/IteratorSample.csproj" />
    <Project Path="Samples/ColumnFamilySample/ColumnFamilySample.csproj" />
    <Project Path="Samples/CheckpointAndBackupSample/CheckpointAndBackupSample.csproj" />
    <Project Path="Samples/BasicSample/BasicSample.csproj" />
    <Project Path="Samples/SnapshotSample/SnapshotSample.csproj" />
    <Project Path="Samples/SstFileWriterSample/SstFileWriterSample.csproj" />
    <Project Path="Samples/CompactionFilterSample/CompactionFilterSample.csproj" />
    <Project Path="Samples/MergeOperatorSample/MergeOperatorSample.csproj" />
    <Project Path="Samples/BloomFilterSample/BloomFilterSample.csproj" />
    <Project Path="Samples/ReadOnlyAndSecondarySample/ReadOnlyAndSecondarySample.csproj" />
    <Project Path="Samples/TuningAndStatsSample/TuningAndStatsSample.csproj" />
    <Project Path="Samples/EventListenerSample/EventListenerSample.csproj" />
  </Folder>
  <Folder Name="/Solution Files/">
    <File Path=".editorconfig" />
    <File Path=".gitignore" />
    <File Path="Directory.Build.props" />
    <File Path="Directory.Packages.props" />
  </Folder>
  <Project Path="RocksDb.Net.Tests/RocksDb.Net.Tests.csproj" Id="80e46977-aae4-49f4-b017-24173b4f5551" />
  <Project Path="RocksDb.Net/RocksDb.Net.csproj" />
</Solution>
